
Microsoft Visual Studio Solution File, Format Version 12.00
# Visual Studio Version 17
VisualStudioVersion = 17.1.32210.238
MinimumVisualStudioVersion = 10.0.40219.1
Project("{F184B08F-C81C-45F6-A57F-5ABD9991F28F}") = "CraftMine_V2", "CraftMine_V2\CraftMine_V2.vbproj", "{F47D5730-7807-4378-B657-5C2082411991}"
EndProject
Project("{911E67C6-3D85-4FCE-B560-20A9C3E3FF48}") = "CraftMine", "..\..\Verison 1\CraftMine\CraftMine\bin\Debug\CraftMine.exe", "{304257E2-17F7-4533-B7BD-644E82456EE4}"
	ProjectSection(DebuggerProjectSystem) = preProject
		PortSupplier = 00000000-0000-0000-0000-000000000000
		Executable = D:\Year 13 Coding\Nea Project\Verison 1\CraftMine\CraftMine\bin\Debug\CraftMine.exe
		RemoteMachine = EXA-2-26-02
		StartingDirectory = D:\Year 13 Coding\Nea Project\Verison 1\CraftMine\CraftMine\bin\Debug
		Environment = Default
		LaunchingEngine = 00000000-0000-0000-0000-000000000000
		UseLegacyDebugEngines = No
		LaunchSQLEngine = No
		AttachLaunchAction = No
		IORedirection = Auto
	EndProjectSection
EndProject
Global
	GlobalSection(SolutionConfigurationPlatforms) = preSolution
		Debug|Any CPU = Debug|Any CPU
		Debug|x86 = Debug|x86
		Release|Any CPU = Release|Any CPU
		Release|x86 = Release|x86
	EndGlobalSection
	GlobalSection(ProjectConfigurationPlatforms) = postSolution
		{F47D5730-7807-4378-B657-5C2082411991}.Debug|Any CPU.ActiveCfg = Debug|Any CPU
		{F47D5730-7807-4378-B657-5C2082411991}.Debug|Any CPU.Build.0 = Debug|Any CPU
		{F47D5730-7807-4378-B657-5C2082411991}.Debug|x86.ActiveCfg = Debug|Any CPU
		{F47D5730-7807-4378-B657-5C2082411991}.Debug|x86.Build.0 = Debug|Any CPU
		{F47D5730-7807-4378-B657-5C2082411991}.Release|Any CPU.ActiveCfg = Release|Any CPU
		{F47D5730-7807-4378-B657-5C2082411991}.Release|Any CPU.Build.0 = Release|Any CPU
		{F47D5730-7807-4378-B657-5C2082411991}.Release|x86.ActiveCfg = Release|Any CPU
		{F47D5730-7807-4378-B657-5C2082411991}.Release|x86.Build.0 = Release|Any CPU
		{304257E2-17F7-4533-B7BD-644E82456EE4}.Debug|Any CPU.ActiveCfg = Release|x86
		{304257E2-17F7-4533-B7BD-644E82456EE4}.Debug|x86.ActiveCfg = Release|x86
		{304257E2-17F7-4533-B7BD-644E82456EE4}.Release|Any CPU.ActiveCfg = Release|x86
		{304257E2-17F7-4533-B7BD-644E82456EE4}.Release|x86.ActiveCfg = Release|x86
	EndGlobalSection
	GlobalSection(SolutionProperties) = preSolution
		HideSolutionNode = FALSE
	EndGlobalSection
	GlobalSection(ExtensibilityGlobals) = postSolution
		SolutionGuid = {1E161B2A-3363-4062-B7B3-6C7FC2F66B7B}
	EndGlobalSection
EndGlobal
